
Microsoft Visual Studio Solution File, Format Version 12.00
# Visual Studio 15
VisualStudioVersion = 15.0.28307.421
MinimumVisualStudioVersion = 10.0.40219.1
Project("{FAE04EC0-301F-11D3-BF4B-00C04F79EFBC}") = "SignalRChatClient", "SignalRChatClient\SignalRChatClient.csproj", "{CF22D6D6-8675-4CB2-B0B9-19FE3DE4D6D2}"
EndProject
Project("{9A19103F-16F7-4668-BE54-9A1E7A4F7556}") = "MultiAuthority.AccessTokenValidation", "MultiAuthority.AccessTokenValidation\MultiAuthority.AccessTokenValidation.csproj", "{372D862B-75FC-4C8C-A169-BD8B41A799BC}"
EndProject
Project("{9A19103F-16F7-4668-BE54-9A1E7A4F7556}") = "SignalRHostApp", "SignalRHostApp\SignalRHostApp.csproj", "{C1471A46-54E3-4D66-84E3-D429463B6B5D}"
EndProject
Project("{2150E333-8FDC-42A3-9474-1A3956D46DE8}") = "SolutionItems", "SolutionItems", "{170B8F53-F305-4194-9ADC-E918896AFF8F}"
	ProjectSection(SolutionItems) = preProject
		..\README.md = ..\README.md
	EndProjectSection
EndProject
Project("{9A19103F-16F7-4668-BE54-9A1E7A4F7556}") = "HubServiceInterfaces", "HubServiceInterfaces\HubServiceInterfaces.csproj", "{C706A69E-B1D6-4CEB-85EE-C2B1B30F8645}"
EndProject
Project("{2150E333-8FDC-42A3-9474-1A3956D46DE8}") = "Clients", "Clients", "{21A88A84-CDA0-4DC4-B3D8-4DF7F327B21F}"
EndProject
Project("{9A19103F-16F7-4668-BE54-9A1E7A4F7556}") = "Clients.ConsoleOne", "Clients.ConsoleOne\Clients.ConsoleOne.csproj", "{83724265-AE74-4F95-880B-A161D938F9EE}"
EndProject
Project("{9A19103F-16F7-4668-BE54-9A1E7A4F7556}") = "Clients.ConsoleTwo", "Clients.ConsoleTwo\Clients.ConsoleTwo.csproj", "{C96EADCC-F1EC-4190-81A7-E6E9985A69D4}"
EndProject
Project("{2150E333-8FDC-42A3-9474-1A3956D46DE8}") = "Hosts", "Hosts", "{658E2B07-68EB-4606-8F0F-B7F5D95D34ED}"
EndProject
Project("{FAE04EC0-301F-11D3-BF4B-00C04F79EFBC}") = "AzureSignalRServiceApp", "AzureSignalRServiceApp\AzureSignalRServiceApp.csproj", "{9F8ABB8C-6AD1-4A6C-B215-7FB61D497AE1}"
EndProject
Global
	GlobalSection(SolutionConfigurationPlatforms) = preSolution
		Debug|Any CPU = Debug|Any CPU
		Release|Any CPU = Release|Any CPU
	EndGlobalSection
	GlobalSection(ProjectConfigurationPlatforms) = postSolution
		{CF22D6D6-8675-4CB2-B0B9-19FE3DE4D6D2}.Debug|Any CPU.ActiveCfg = Debug|Any CPU
		{CF22D6D6-8675-4CB2-B0B9-19FE3DE4D6D2}.Debug|Any CPU.Build.0 = Debug|Any CPU
		{CF22D6D6-8675-4CB2-B0B9-19FE3DE4D6D2}.Release|Any CPU.ActiveCfg = Release|Any CPU
		{CF22D6D6-8675-4CB2-B0B9-19FE3DE4D6D2}.Release|Any CPU.Build.0 = Release|Any CPU
		{372D862B-75FC-4C8C-A169-BD8B41A799BC}.Debug|Any CPU.ActiveCfg = Debug|Any CPU
		{372D862B-75FC-4C8C-A169-BD8B41A799BC}.Debug|Any CPU.Build.0 = Debug|Any CPU
		{372D862B-75FC-4C8C-A169-BD8B41A799BC}.Release|Any CPU.ActiveCfg = Release|Any CPU
		{372D862B-75FC-4C8C-A169-BD8B41A799BC}.Release|Any CPU.Build.0 = Release|Any CPU
		{C1471A46-54E3-4D66-84E3-D429463B6B5D}.Debug|Any CPU.ActiveCfg = Debug|Any CPU
		{C1471A46-54E3-4D66-84E3-D429463B6B5D}.Debug|Any CPU.Build.0 = Debug|Any CPU
		{C1471A46-54E3-4D66-84E3-D429463B6B5D}.Release|Any CPU.ActiveCfg = Release|Any CPU
		{C1471A46-54E3-4D66-84E3-D429463B6B5D}.Release|Any CPU.Build.0 = Release|Any CPU
		{C706A69E-B1D6-4CEB-85EE-C2B1B30F8645}.Debug|Any CPU.ActiveCfg = Debug|Any CPU
		{C706A69E-B1D6-4CEB-85EE-C2B1B30F8645}.Debug|Any CPU.Build.0 = Debug|Any CPU
		{C706A69E-B1D6-4CEB-85EE-C2B1B30F8645}.Release|Any CPU.ActiveCfg = Release|Any CPU
		{C706A69E-B1D6-4CEB-85EE-C2B1B30F8645}.Release|Any CPU.Build.0 = Release|Any CPU
		{83724265-AE74-4F95-880B-A161D938F9EE}.Debug|Any CPU.ActiveCfg = Debug|Any CPU
		{83724265-AE74-4F95-880B-A161D938F9EE}.Debug|Any CPU.Build.0 = Debug|Any CPU
		{83724265-AE74-4F95-880B-A161D938F9EE}.Release|Any CPU.ActiveCfg = Release|Any CPU
		{83724265-AE74-4F95-880B-A161D938F9EE}.Release|Any CPU.Build.0 = Release|Any CPU
		{C96EADCC-F1EC-4190-81A7-E6E9985A69D4}.Debug|Any CPU.ActiveCfg = Debug|Any CPU
		{C96EADCC-F1EC-4190-81A7-E6E9985A69D4}.Debug|Any CPU.Build.0 = Debug|Any CPU
		{C96EADCC-F1EC-4190-81A7-E6E9985A69D4}.Release|Any CPU.ActiveCfg = Release|Any CPU
		{C96EADCC-F1EC-4190-81A7-E6E9985A69D4}.Release|Any CPU.Build.0 = Release|Any CPU
		{9F8ABB8C-6AD1-4A6C-B215-7FB61D497AE1}.Debug|Any CPU.ActiveCfg = Debug|Any CPU
		{9F8ABB8C-6AD1-4A6C-B215-7FB61D497AE1}.Debug|Any CPU.Build.0 = Debug|Any CPU
		{9F8ABB8C-6AD1-4A6C-B215-7FB61D497AE1}.Release|Any CPU.ActiveCfg = Release|Any CPU
		{9F8ABB8C-6AD1-4A6C-B215-7FB61D497AE1}.Release|Any CPU.Build.0 = Release|Any CPU
	EndGlobalSection
	GlobalSection(SolutionProperties) = preSolution
		HideSolutionNode = FALSE
	EndGlobalSection
	GlobalSection(NestedProjects) = preSolution
		{CF22D6D6-8675-4CB2-B0B9-19FE3DE4D6D2} = {21A88A84-CDA0-4DC4-B3D8-4DF7F327B21F}
		{C1471A46-54E3-4D66-84E3-D429463B6B5D} = {658E2B07-68EB-4606-8F0F-B7F5D95D34ED}
		{83724265-AE74-4F95-880B-A161D938F9EE} = {21A88A84-CDA0-4DC4-B3D8-4DF7F327B21F}
		{C96EADCC-F1EC-4190-81A7-E6E9985A69D4} = {21A88A84-CDA0-4DC4-B3D8-4DF7F327B21F}
		{9F8ABB8C-6AD1-4A6C-B215-7FB61D497AE1} = {658E2B07-68EB-4606-8F0F-B7F5D95D34ED}
	EndGlobalSection
	GlobalSection(ExtensibilityGlobals) = postSolution
		SolutionGuid = {760C10E3-9004-4AD3-B6F6-236983AE4330}
	EndGlobalSection
EndGlobal
